
Microsoft Visual Studio Solution File, Format Version 11.00
# Visual Studio 2010
Project("{F088123C-0E9E-452A-89E6-6BA2F21D5CAC}") = "Modelo", "Modelo\Modelo.modelproj", "{01C78516-1FC6-4902-836E-E75D1024952B}"
EndProject
Project("{FAE04EC0-301F-11D3-BF4B-00C04F79EFBC}") = "ComercioElectronico", "ComercioElectronico\ComercioElectronico.csproj", "{A2755A19-A719-4129-A6D6-14541FAD02D8}"
EndProject
Global
	GlobalSection(SolutionConfigurationPlatforms) = preSolution
		Debug|Any CPU = Debug|Any CPU
		Release|Any CPU = Release|Any CPU
	EndGlobalSection
	GlobalSection(ProjectConfigurationPlatforms) = postSolution
		{01C78516-1FC6-4902-836E-E75D1024952B}.Debug|Any CPU.ActiveCfg = Debug|Any CPU
		{01C78516-1FC6-4902-836E-E75D1024952B}.Debug|Any CPU.Build.0 = Debug|Any CPU
		{01C78516-1FC6-4902-836E-E75D1024952B}.Release|Any CPU.ActiveCfg = Release|Any CPU
		{01C78516-1FC6-4902-836E-E75D1024952B}.Release|Any CPU.Build.0 = Release|Any CPU
		{A2755A19-A719-4129-A6D6-14541FAD02D8}.Debug|Any CPU.ActiveCfg = Debug|Any CPU
		{A2755A19-A719-4129-A6D6-14541FAD02D8}.Debug|Any CPU.Build.0 = Debug|Any CPU
		{A2755A19-A719-4129-A6D6-14541FAD02D8}.Release|Any CPU.ActiveCfg = Release|Any CPU
		{A2755A19-A719-4129-A6D6-14541FAD02D8}.Release|Any CPU.Build.0 = Release|Any CPU
	EndGlobalSection
	GlobalSection(SolutionProperties) = preSolution
		HideSolutionNode = FALSE
	EndGlobalSection
EndGlobal
