
Microsoft Visual Studio Solution File, Format Version 11.00
# Visual Studio 2010
Project("{FAE04EC0-301F-11D3-BF4B-00C04F79EFBC}") = "ComercioElectronico", "ComercioElectronico\ComercioElectronico.csproj", "{00C5A147-3182-4098-A8EA-AD64ABC559CD}"
EndProject
Project("{FAE04EC0-301F-11D3-BF4B-00C04F79EFBC}") = "ComercioElectronico.Tests", "ComercioElectronico.Tests\ComercioElectronico.Tests.csproj", "{79B33015-8FCA-4808-B0B7-688157D25A64}"
EndProject
Global
	GlobalSection(SolutionConfigurationPlatforms) = preSolution
		Debug|Any CPU = Debug|Any CPU
		Release|Any CPU = Release|Any CPU
	EndGlobalSection
	GlobalSection(ProjectConfigurationPlatforms) = postSolution
		{00C5A147-3182-4098-A8EA-AD64ABC559CD}.Debug|Any CPU.ActiveCfg = Debug|Any CPU
		{00C5A147-3182-4098-A8EA-AD64ABC559CD}.Debug|Any CPU.Build.0 = Debug|Any CPU
		{00C5A147-3182-4098-A8EA-AD64ABC559CD}.Release|Any CPU.ActiveCfg = Release|Any CPU
		{00C5A147-3182-4098-A8EA-AD64ABC559CD}.Release|Any CPU.Build.0 = Release|Any CPU
		{79B33015-8FCA-4808-B0B7-688157D25A64}.Debug|Any CPU.ActiveCfg = Debug|Any CPU
		{79B33015-8FCA-4808-B0B7-688157D25A64}.Debug|Any CPU.Build.0 = Debug|Any CPU
		{79B33015-8FCA-4808-B0B7-688157D25A64}.Release|Any CPU.ActiveCfg = Release|Any CPU
		{79B33015-8FCA-4808-B0B7-688157D25A64}.Release|Any CPU.Build.0 = Release|Any CPU
	EndGlobalSection
	GlobalSection(SolutionProperties) = preSolution
		HideSolutionNode = FALSE
	EndGlobalSection
EndGlobal
