
Microsoft Visual Studio Solution File, Format Version 11.00
# Visual Studio 2010
Project("{FAE04EC0-301F-11D3-BF4B-00C04F79EFBC}") = "Formas", "Formas\Formas.csproj", "{DC3D4CBD-3FAC-418D-B3CF-0A6028D78B5A}"
EndProject
Global
	GlobalSection(SolutionConfigurationPlatforms) = preSolution
		Debug|Any CPU = Debug|Any CPU
		Release|Any CPU = Release|Any CPU
	EndGlobalSection
	GlobalSection(ProjectConfigurationPlatforms) = postSolution
		{DC3D4CBD-3FAC-418D-B3CF-0A6028D78B5A}.Debug|Any CPU.ActiveCfg = Debug|Any CPU
		{DC3D4CBD-3FAC-418D-B3CF-0A6028D78B5A}.Debug|Any CPU.Build.0 = Debug|Any CPU
		{DC3D4CBD-3FAC-418D-B3CF-0A6028D78B5A}.Release|Any CPU.ActiveCfg = Release|Any CPU
		{DC3D4CBD-3FAC-418D-B3CF-0A6028D78B5A}.Release|Any CPU.Build.0 = Release|Any CPU
	EndGlobalSection
	GlobalSection(SolutionProperties) = preSolution
		HideSolutionNode = FALSE
	EndGlobalSection
EndGlobal
